// !$*UTF8*$!
{
	archiveVersion = 1;
	classes = {
	};
	objectVersion = 46;
	objects = {

/* Begin PBXBuildFile section */
		6915C7D81ADE05E4005AD7E1 /* main.m in Sources */ = {isa = PBXBuildFile; fileRef = 6915C7D71ADE05E4005AD7E1 /* main.m */; };
		6915C7DB1ADE05E4005AD7E1 /* AppDelegate.m in Sources */ = {isa = PBXBuildFile; fileRef = 6915C7DA1ADE05E4005AD7E1 /* AppDelegate.m */; };
		6915C7E31ADE05E4005AD7E1 /* Images.xcassets in Resources */ = {isa = PBXBuildFile; fileRef = 6915C7E21ADE05E4005AD7E1 /* Images.xcassets */; };
		6915C7E61ADE05E4005AD7E1 /* LaunchScreen.xib in Resources */ = {isa = PBXBuildFile; fileRef = 6915C7E41ADE05E4005AD7E1 /* LaunchScreen.xib */; };
		6915C7F21ADE05E4005AD7E1 /* Funny_ClipTests.m in Sources */ = {isa = PBXBuildFile; fileRef = 6915C7F11ADE05E4005AD7E1 /* Funny_ClipTests.m */; };
		691C35971ADEC02D003B33A0 /* Main.storyboard in Resources */ = {isa = PBXBuildFile; fileRef = 691C35951ADEC02D003B33A0 /* Main.storyboard */; };
		691C35AD1ADECD48003B33A0 /* home.png in Resources */ = {isa = PBXBuildFile; fileRef = 691C35991ADECD48003B33A0 /* home.png */; };
		691C35AE1ADECD48003B33A0 /* home@2x.png in Resources */ = {isa = PBXBuildFile; fileRef = 691C359A1ADECD48003B33A0 /* home@2x.png */; };
		691C35AF1ADECD48003B33A0 /* home_selected.png in Resources */ = {isa = PBXBuildFile; fileRef = 691C359B1ADECD48003B33A0 /* home_selected.png */; };
		691C35B01ADECD48003B33A0 /* home_selected@2x.png in Resources */ = {isa = PBXBuildFile; fileRef = 691C359C1ADECD48003B33A0 /* home_selected@2x.png */; };
		691C35B11ADECD48003B33A0 /* maps.png in Resources */ = {isa = PBXBuildFile; fileRef = 691C359D1ADECD48003B33A0 /* maps.png */; };
		691C35B21ADECD48003B33A0 /* maps@2x.png in Resources */ = {isa = PBXBuildFile; fileRef = 691C359E1ADECD48003B33A0 /* maps@2x.png */; };
		691C35B31ADECD48003B33A0 /* maps_selected.png in Resources */ = {isa = PBXBuildFile; fileRef = 691C359F1ADECD48003B33A0 /* maps_selected.png */; };
		691C35B41ADECD48003B33A0 /* maps_selected@2x.png in Resources */ = {isa = PBXBuildFile; fileRef = 691C35A01ADECD48003B33A0 /* maps_selected@2x.png */; };
		691C35B51ADECD48003B33A0 /* myplan.png in Resources */ = {isa = PBXBuildFile; fileRef = 691C35A11ADECD48003B33A0 /* myplan.png */; };
		691C35B61ADECD48003B33A0 /* myplan@2x.png in Resources */ = {isa = PBXBuildFile; fileRef = 691C35A21ADECD48003B33A0 /* myplan@2x.png */; };
		691C35B71ADECD48003B33A0 /* myplan_selected.png in Resources */ = {isa = PBXBuildFile; fileRef = 691C35A31ADECD48003B33A0 /* myplan_selected.png */; };
		691C35B81ADECD48003B33A0 /* myplan_selected@2x.png in Resources */ = {isa = PBXBuildFile; fileRef = 691C35A41ADECD48003B33A0 /* myplan_selected@2x.png */; };
		691C35B91ADECD48003B33A0 /* settings.png in Resources */ = {isa = PBXBuildFile; fileRef = 691C35A51ADECD48003B33A0 /* settings.png */; };
		691C35BA1ADECD48003B33A0 /* settings@2x.png in Resources */ = {isa = PBXBuildFile; fileRef = 691C35A61ADECD48003B33A0 /* settings@2x.png */; };
		691C35BB1ADECD48003B33A0 /* settings_selected.png in Resources */ = {isa = PBXBuildFile; fileRef = 691C35A71ADECD48003B33A0 /* settings_selected.png */; };
		691C35BC1ADECD48003B33A0 /* settings_selected@2x.png in Resources */ = {isa = PBXBuildFile; fileRef = 691C35A81ADECD48003B33A0 /* settings_selected@2x.png */; };
		691C35BD1ADECD48003B33A0 /* tabbar.png in Resources */ = {isa = PBXBuildFile; fileRef = 691C35A91ADECD48003B33A0 /* tabbar.png */; };
		691C35BE1ADECD48003B33A0 /* tabbar@2x.png in Resources */ = {isa = PBXBuildFile; fileRef = 691C35AA1ADECD48003B33A0 /* tabbar@2x.png */; };
		691C35BF1ADECD48003B33A0 /* tabbar_selected.png in Resources */ = {isa = PBXBuildFile; fileRef = 691C35AB1ADECD48003B33A0 /* tabbar_selected.png */; };
		691C35C01ADECD48003B33A0 /* tabbar_selected@2x.png in Resources */ = {isa = PBXBuildFile; fileRef = 691C35AC1ADECD48003B33A0 /* tabbar_selected@2x.png */; };
		6955CEB71ADE76B60093E1C8 /* BaseNavigationController.m in Sources */ = {isa = PBXBuildFile; fileRef = 6955CEB51ADE76B60093E1C8 /* BaseNavigationController.m */; };
		6955CEB81ADE76B60093E1C8 /* BaseNavigationController.xib in Resources */ = {isa = PBXBuildFile; fileRef = 6955CEB61ADE76B60093E1C8 /* BaseNavigationController.xib */; };
		6955CEBC1ADE76DC0093E1C8 /* BaseTabBarController.m in Sources */ = {isa = PBXBuildFile; fileRef = 6955CEBA1ADE76DC0093E1C8 /* BaseTabBarController.m */; };
		6955CEBD1ADE76DC0093E1C8 /* BaseTabBarController.xib in Resources */ = {isa = PBXBuildFile; fileRef = 6955CEBB1ADE76DC0093E1C8 /* BaseTabBarController.xib */; };
		697FB1421ADE9A7700DFE12D /* FunBaseViewController.m in Sources */ = {isa = PBXBuildFile; fileRef = 697FB1401ADE9A7700DFE12D /* FunBaseViewController.m */; };
		697FB1431ADE9A7700DFE12D /* FunBaseViewController.xib in Resources */ = {isa = PBXBuildFile; fileRef = 697FB1411ADE9A7700DFE12D /* FunBaseViewController.xib */; };
		697FB1481ADEA30900DFE12D /* FirstScreenView.m in Sources */ = {isa = PBXBuildFile; fileRef = 697FB1461ADEA30900DFE12D /* FirstScreenView.m */; };
		697FB1491ADEA30900DFE12D /* FirstScreenView.xib in Resources */ = {isa = PBXBuildFile; fileRef = 697FB1471ADEA30900DFE12D /* FirstScreenView.xib */; };
		697FB14B1ADEA72A00DFE12D /* libPods.a in Frameworks */ = {isa = PBXBuildFile; fileRef = 697FB14A1ADEA72A00DFE12D /* libPods.a */; };
		697FB1531ADEA9AE00DFE12D /* PlaylistViewController.m in Sources */ = {isa = PBXBuildFile; fileRef = 697FB1511ADEA9AE00DFE12D /* PlaylistViewController.m */; };
		697FB1551ADEAB4F00DFE12D /* PlaylistViewController.xib in Resources */ = {isa = PBXBuildFile; fileRef = 697FB1541ADEAB4F00DFE12D /* PlaylistViewController.xib */; };
		69AB3F4B1ADE1CC200791DAD /* iphone_home_1_green.png in Resources */ = {isa = PBXBuildFile; fileRef = 69AB3F1B1ADE1CC200791DAD /* iphone_home_1_green.png */; };
		69AB3F4C1ADE1CC200791DAD /* iphone_home_1_off.png in Resources */ = {isa = PBXBuildFile; fileRef = 69AB3F1C1ADE1CC200791DAD /* iphone_home_1_off.png */; };
		69AB3F4D1ADE1CC200791DAD /* iphone_home_1_red.png in Resources */ = {isa = PBXBuildFile; fileRef = 69AB3F1D1ADE1CC200791DAD /* iphone_home_1_red.png */; };
		69AB3F4E1ADE1CC200791DAD /* iphone_home_2_green.png in Resources */ = {isa = PBXBuildFile; fileRef = 69AB3F1E1ADE1CC200791DAD /* iphone_home_2_green.png */; };
		69AB3F4F1ADE1CC200791DAD /* iphone_home_2_off.png in Resources */ = {isa = PBXBuildFile; fileRef = 69AB3F1F1ADE1CC200791DAD /* iphone_home_2_off.png */; };
		69AB3F501ADE1CC200791DAD /* iphone_home_2_red.png in Resources */ = {isa = PBXBuildFile; fileRef = 69AB3F201ADE1CC200791DAD /* iphone_home_2_red.png */; };
		69AB3F511ADE1CC200791DAD /* iphone_home_3_green.png in Resources */ = {isa = PBXBuildFile; fileRef = 69AB3F211ADE1CC200791DAD /* iphone_home_3_green.png */; };
		69AB3F521ADE1CC200791DAD /* iphone_home_3_off.png in Resources */ = {isa = PBXBuildFile; fileRef = 69AB3F221ADE1CC200791DAD /* iphone_home_3_off.png */; };
		69AB3F531ADE1CC200791DAD /* iphone_home_4_green.png in Resources */ = {isa = PBXBuildFile; fileRef = 69AB3F231ADE1CC200791DAD /* iphone_home_4_green.png */; };
		69AB3F541ADE1CC200791DAD /* iphone_home_4_off.png in Resources */ = {isa = PBXBuildFile; fileRef = 69AB3F241ADE1CC200791DAD /* iphone_home_4_off.png */; };
		69AB3F551ADE1CC200791DAD /* iphone_home_4_red.png in Resources */ = {isa = PBXBuildFile; fileRef = 69AB3F251ADE1CC200791DAD /* iphone_home_4_red.png */; };
		69AB3F561ADE1CC200791DAD /* iphone_home_5_green.png in Resources */ = {isa = PBXBuildFile; fileRef = 69AB3F261ADE1CC200791DAD /* iphone_home_5_green.png */; };
		69AB3F571ADE1CC200791DAD /* iphone_home_5_off.png in Resources */ = {isa = PBXBuildFile; fileRef = 69AB3F271ADE1CC200791DAD /* iphone_home_5_off.png */; };
		69AB3F581ADE1CC200791DAD /* iphone_home_5_red.png in Resources */ = {isa = PBXBuildFile; fileRef = 69AB3F281ADE1CC200791DAD /* iphone_home_5_red.png */; };
		69AB3F591ADE1CC200791DAD /* iphone_home_6_green.png in Resources */ = {isa = PBXBuildFile; fileRef = 69AB3F291ADE1CC200791DAD /* iphone_home_6_green.png */; };
		69AB3F5A1ADE1CC200791DAD /* iphone_home_6_off.png in Resources */ = {isa = PBXBuildFile; fileRef = 69AB3F2A1ADE1CC200791DAD /* iphone_home_6_off.png */; };
		69AB3F5B1ADE1CC200791DAD /* iphone_home_6_red.png in Resources */ = {isa = PBXBuildFile; fileRef = 69AB3F2B1ADE1CC200791DAD /* iphone_home_6_red.png */; };
		69AB3F5C1ADE1CC200791DAD /* iphone_home_7_green.png in Resources */ = {isa = PBXBuildFile; fileRef = 69AB3F2C1ADE1CC200791DAD /* iphone_home_7_green.png */; };
		69AB3F5D1ADE1CC200791DAD /* iphone_home_7_off.png in Resources */ = {isa = PBXBuildFile; fileRef = 69AB3F2D1ADE1CC200791DAD /* iphone_home_7_off.png */; };
		69AB3F5E1ADE1CC200791DAD /* iphone_home_7_red.png in Resources */ = {isa = PBXBuildFile; fileRef = 69AB3F2E1ADE1CC200791DAD /* iphone_home_7_red.png */; };
		69AB3F5F1ADE1CC200791DAD /* iphone_home_8_green.png in Resources */ = {isa = PBXBuildFile; fileRef = 69AB3F2F1ADE1CC200791DAD /* iphone_home_8_green.png */; };
		69AB3F601ADE1CC200791DAD /* iphone_home_8_off.png in Resources */ = {isa = PBXBuildFile; fileRef = 69AB3F301ADE1CC200791DAD /* iphone_home_8_off.png */; };
		69AB3F611ADE1CC200791DAD /* iphone_home_8_red.png in Resources */ = {isa = PBXBuildFile; fileRef = 69AB3F311ADE1CC200791DAD /* iphone_home_8_red.png */; };
		69AB3F621ADE1CC200791DAD /* iphone_home_back_off.png in Resources */ = {isa = PBXBuildFile; fileRef = 69AB3F321ADE1CC200791DAD /* iphone_home_back_off.png */; };
		69AB3F631ADE1CC200791DAD /* iphone_home_back_on.png in Resources */ = {isa = PBXBuildFile; fileRef = 69AB3F331ADE1CC200791DAD /* iphone_home_back_on.png */; };
		69AB3F641ADE1CC200791DAD /* iphone_home_base.png in Resources */ = {isa = PBXBuildFile; fileRef = 69AB3F341ADE1CC200791DAD /* iphone_home_base.png */; };
		69AB3F651ADE1CC200791DAD /* iphone_home_battery_off.png in Resources */ = {isa = PBXBuildFile; fileRef = 69AB3F351ADE1CC200791DAD /* iphone_home_battery_off.png */; };
		69AB3F661ADE1CC200791DAD /* iphone_home_battery_on.png in Resources */ = {isa = PBXBuildFile; fileRef = 69AB3F361ADE1CC200791DAD /* iphone_home_battery_on.png */; };
		69AB3F671ADE1CC200791DAD /* iphone_home_bluetooth_on.png in Resources */ = {isa = PBXBuildFile; fileRef = 69AB3F371ADE1CC200791DAD /* iphone_home_bluetooth_on.png */; };
		69AB3F681ADE1CC200791DAD /* iphone_home_fwd_off.png in Resources */ = {isa = PBXBuildFile; fileRef = 69AB3F381ADE1CC200791DAD /* iphone_home_fwd_off.png */; };
		69AB3F691ADE1CC200791DAD /* iphone_home_fwd_on.png in Resources */ = {isa = PBXBuildFile; fileRef = 69AB3F391ADE1CC200791DAD /* iphone_home_fwd_on.png */; };
		69AB3F6A1ADE1CC200791DAD /* iphone_home_level_on_red.png in Resources */ = {isa = PBXBuildFile; fileRef = 69AB3F3A1ADE1CC200791DAD /* iphone_home_level_on_red.png */; };
		69AB3F6B1ADE1CC200791DAD /* iphone_home_level_on_yellow.png in Resources */ = {isa = PBXBuildFile; fileRef = 69AB3F3B1ADE1CC200791DAD /* iphone_home_level_on_yellow.png */; };
		69AB3F6C1ADE1CC200791DAD /* iphone_home_menu_off.png in Resources */ = {isa = PBXBuildFile; fileRef = 69AB3F3C1ADE1CC200791DAD /* iphone_home_menu_off.png */; };
		69AB3F6D1ADE1CC200791DAD /* iphone_home_menu_on.png in Resources */ = {isa = PBXBuildFile; fileRef = 69AB3F3D1ADE1CC200791DAD /* iphone_home_menu_on.png */; };
		69AB3F6E1ADE1CC200791DAD /* iphone_home_mixer_off.png in Resources */ = {isa = PBXBuildFile; fileRef = 69AB3F3E1ADE1CC200791DAD /* iphone_home_mixer_off.png */; };
		69AB3F6F1ADE1CC200791DAD /* iphone_home_mixer_on.png in Resources */ = {isa = PBXBuildFile; fileRef = 69AB3F3F1ADE1CC200791DAD /* iphone_home_mixer_on.png */; };
		69AB3F701ADE1CC200791DAD /* iphone_home_pfl_off.png in Resources */ = {isa = PBXBuildFile; fileRef = 69AB3F401ADE1CC200791DAD /* iphone_home_pfl_off.png */; };
		69AB3F711ADE1CC200791DAD /* iphone_home_pfl_on.png in Resources */ = {isa = PBXBuildFile; fileRef = 69AB3F411ADE1CC200791DAD /* iphone_home_pfl_on.png */; };
		69AB3F721ADE1CC200791DAD /* iphone_home_play_off.png in Resources */ = {isa = PBXBuildFile; fileRef = 69AB3F421ADE1CC200791DAD /* iphone_home_play_off.png */; };
		69AB3F731ADE1CC200791DAD /* iphone_home_play_on.png in Resources */ = {isa = PBXBuildFile; fileRef = 69AB3F431ADE1CC200791DAD /* iphone_home_play_on.png */; };
		69AB3F741ADE1CC200791DAD /* iphone_home_rec_off.png in Resources */ = {isa = PBXBuildFile; fileRef = 69AB3F441ADE1CC200791DAD /* iphone_home_rec_off.png */; };
		69AB3F751ADE1CC200791DAD /* iphone_home_stop_off.png in Resources */ = {isa = PBXBuildFile; fileRef = 69AB3F451ADE1CC200791DAD /* iphone_home_stop_off.png */; };
		69AB3F761ADE1CC200791DAD /* iphone_home_stop_on.png in Resources */ = {isa = PBXBuildFile; fileRef = 69AB3F461ADE1CC200791DAD /* iphone_home_stop_on.png */; };
		69AB3F771ADE1CC200791DAD /* iphone_home_track_l_r.png in Resources */ = {isa = PBXBuildFile; fileRef = 69AB3F471ADE1CC200791DAD /* iphone_home_track_l_r.png */; };
		69AB3F781ADE1CC200791DAD /* iphone_home_track_main.png in Resources */ = {isa = PBXBuildFile; fileRef = 69AB3F481ADE1CC200791DAD /* iphone_home_track_main.png */; };
		69AB3F791ADE1CC200791DAD /* iphone_home_track_off.png in Resources */ = {isa = PBXBuildFile; fileRef = 69AB3F491ADE1CC200791DAD /* iphone_home_track_off.png */; };
		69AB3F7A1ADE1CC200791DAD /* iphone_home_track_sub.png in Resources */ = {isa = PBXBuildFile; fileRef = 69AB3F4A1ADE1CC200791DAD /* iphone_home_track_sub.png */; };
		69AB3F811ADE221100791DAD /* ViewBackground.png in Resources */ = {isa = PBXBuildFile; fileRef = 69AB3F7B1ADE221100791DAD /* ViewBackground.png */; };
		69AB3F821ADE221100791DAD /* Button_crystal.png in Resources */ = {isa = PBXBuildFile; fileRef = 69AB3F7C1ADE221100791DAD /* Button_crystal.png */; };
		69AB3F831ADE221100791DAD /* BlueBlock.png in Resources */ = {isa = PBXBuildFile; fileRef = 69AB3F7D1ADE221100791DAD /* BlueBlock.png */; };
		69AB3F841ADE221100791DAD /* TabBarBackground.png in Resources */ = {isa = PBXBuildFile; fileRef = 69AB3F7E1ADE221100791DAD /* TabBarBackground.png */; };
		69AB3F851ADE221100791DAD /* Button.png in Resources */ = {isa = PBXBuildFile; fileRef = 69AB3F7F1ADE221100791DAD /* Button.png */; };
		69AB3F861ADE221100791DAD /* Purple.png in Resources */ = {isa = PBXBuildFile; fileRef = 69AB3F801ADE221100791DAD /* Purple.png */; };
/* End PBXBuildFile section */

/* Begin PBXContainerItemProxy section */
		6915C7EC1ADE05E4005AD7E1 /* PBXContainerItemProxy */ = {
			isa = PBXContainerItemProxy;
			containerPortal = 6915C7CA1ADE05E4005AD7E1 /* Project object */;
			proxyType = 1;
			remoteGlobalIDString = 6915C7D11ADE05E4005AD7E1;
			remoteInfo = "Funny Clip";
		};
/* End PBXContainerItemProxy section */

/* Begin PBXFileReference section */
		3B56EFAFFFBB72243F50905F /* Pods.release.xcconfig */ = {isa = PBXFileReference; includeInIndex = 1; lastKnownFileType = text.xcconfig; name = Pods.release.xcconfig; path = "Pods/Target Support Files/Pods/Pods.release.xcconfig"; sourceTree = "<group>"; };
		6915C7D21ADE05E4005AD7E1 /* Funny Clip.app */ = {isa = PBXFileReference; explicitFileType = wrapper.application; includeInIndex = 0; path = "Funny Clip.app"; sourceTree = BUILT_PRODUCTS_DIR; };
		6915C7D61ADE05E4005AD7E1 /* Info.plist */ = {isa = PBXFileReference; lastKnownFileType = text.plist.xml; path = Info.plist; sourceTree = "<group>"; };
		6915C7D71ADE05E4005AD7E1 /* main.m */ = {isa = PBXFileReference; lastKnownFileType = sourcecode.c.objc; path = main.m; sourceTree = "<group>"; };
		6915C7D91ADE05E4005AD7E1 /* AppDelegate.h */ = {isa = PBXFileReference; lastKnownFileType = sourcecode.c.h; path = AppDelegate.h; sourceTree = "<group>"; };
		6915C7DA1ADE05E4005AD7E1 /* AppDelegate.m */ = {isa = PBXFileReference; lastKnownFileType = sourcecode.c.objc; path = AppDelegate.m; sourceTree = "<group>"; };
		6915C7E21ADE05E4005AD7E1 /* Images.xcassets */ = {isa = PBXFileReference; lastKnownFileType = folder.assetcatalog; path = Images.xcassets; sourceTree = "<group>"; };
		6915C7E51ADE05E4005AD7E1 /* Base */ = {isa = PBXFileReference; lastKnownFileType = file.xib; name = Base; path = Base.lproj/LaunchScreen.xib; sourceTree = "<group>"; };
		6915C7EB1ADE05E4005AD7E1 /* Funny ClipTests.xctest */ = {isa = PBXFileReference; explicitFileType = wrapper.cfbundle; includeInIndex = 0; path = "Funny ClipTests.xctest"; sourceTree = BUILT_PRODUCTS_DIR; };
		6915C7F01ADE05E4005AD7E1 /* Info.plist */ = {isa = PBXFileReference; lastKnownFileType = text.plist.xml; path = Info.plist; sourceTree = "<group>"; };
		6915C7F11ADE05E4005AD7E1 /* Funny_ClipTests.m */ = {isa = PBXFileReference; lastKnownFileType = sourcecode.c.objc; path = Funny_ClipTests.m; sourceTree = "<group>"; };
		691C35961ADEC02D003B33A0 /* Base */ = {isa = PBXFileReference; lastKnownFileType = file.storyboard; name = Base; path = Base.lproj/Main.storyboard; sourceTree = "<group>"; };
		691C35991ADECD48003B33A0 /* home.png */ = {isa = PBXFileReference; lastKnownFileType = image.png; path = home.png; sourceTree = "<group>"; };
		691C359A1ADECD48003B33A0 /* home@2x.png */ = {isa = PBXFileReference; lastKnownFileType = image.png; path = "home@2x.png"; sourceTree = "<group>"; };
		691C359B1ADECD48003B33A0 /* home_selected.png */ = {isa = PBXFileReference; lastKnownFileType = image.png; path = home_selected.png; sourceTree = "<group>"; };
		691C359C1ADECD48003B33A0 /* home_selected@2x.png */ = {isa = PBXFileReference; lastKnownFileType = image.png; path = "home_selected@2x.png"; sourceTree = "<group>"; };
		691C359D1ADECD48003B33A0 /* maps.png */ = {isa = PBXFileReference; lastKnownFileType = image.png; path = maps.png; sourceTree = "<group>"; };
		691C359E1ADECD48003B33A0 /* maps@2x.png */ = {isa = PBXFileReference; lastKnownFileType = image.png; path = "maps@2x.png"; sourceTree = "<group>"; };
		691C359F1ADECD48003B33A0 /* maps_selected.png */ = {isa = PBXFileReference; lastKnownFileType = image.png; path = maps_selected.png; sourceTree = "<group>"; };
		691C35A01ADECD48003B33A0 /* maps_selected@2x.png */ = {isa = PBXFileReference; lastKnownFileType = image.png; path = "maps_selected@2x.png"; sourceTree = "<group>"; };
		691C35A11ADECD48003B33A0 /* myplan.png */ = {isa = PBXFileReference; lastKnownFileType = image.png; path = myplan.png; sourceTree = "<group>"; };
		691C35A21ADECD48003B33A0 /* myplan@2x.png */ = {isa = PBXFileReference; lastKnownFileType = image.png; path = "myplan@2x.png"; sourceTree = "<group>"; };
		691C35A31ADECD48003B33A0 /* myplan_selected.png */ = {isa = PBXFileReference; lastKnownFileType = image.png; path = myplan_selected.png; sourceTree = "<group>"; };
		691C35A41ADECD48003B33A0 /* myplan_selected@2x.png */ = {isa = PBXFileReference; lastKnownFileType = image.png; path = "myplan_selected@2x.png"; sourceTree = "<group>"; };
		691C35A51ADECD48003B33A0 /* settings.png */ = {isa = PBXFileReference; lastKnownFileType = image.png; path = settings.png; sourceTree = "<group>"; };
		691C35A61ADECD48003B33A0 /* settings@2x.png */ = {isa = PBXFileReference; lastKnownFileType = image.png; path = "settings@2x.png"; sourceTree = "<group>"; };
		691C35A71ADECD48003B33A0 /* settings_selected.png */ = {isa = PBXFileReference; lastKnownFileType = image.png; path = settings_selected.png; sourceTree = "<group>"; };
		691C35A81ADECD48003B33A0 /* settings_selected@2x.png */ = {isa = PBXFileReference; lastKnownFileType = image.png; path = "settings_selected@2x.png"; sourceTree = "<group>"; };
		691C35A91ADECD48003B33A0 /* tabbar.png */ = {isa = PBXFileReference; lastKnownFileType = image.png; path = tabbar.png; sourceTree = "<group>"; };
		691C35AA1ADECD48003B33A0 /* tabbar@2x.png */ = {isa = PBXFileReference; lastKnownFileType = image.png; path = "tabbar@2x.png"; sourceTree = "<group>"; };
		691C35AB1ADECD48003B33A0 /* tabbar_selected.png */ = {isa = PBXFileReference; lastKnownFileType = image.png; path = tabbar_selected.png; sourceTree = "<group>"; };
		691C35AC1ADECD48003B33A0 /* tabbar_selected@2x.png */ = {isa = PBXFileReference; lastKnownFileType = image.png; path = "tabbar_selected@2x.png"; sourceTree = "<group>"; };
		6955CEB41ADE76B60093E1C8 /* BaseNavigationController.h */ = {isa = PBXFileReference; fileEncoding = 4; lastKnownFileType = sourcecode.c.h; path = BaseNavigationController.h; sourceTree = "<group>"; };
		6955CEB51ADE76B60093E1C8 /* BaseNavigationController.m */ = {isa = PBXFileReference; fileEncoding = 4; lastKnownFileType = sourcecode.c.objc; path = BaseNavigationController.m; sourceTree = "<group>"; };
		6955CEB61ADE76B60093E1C8 /* BaseNavigationController.xib */ = {isa = PBXFileReference; fileEncoding = 4; lastKnownFileType = file.xib; path = BaseNavigationController.xib; sourceTree = "<group>"; };
		6955CEB91ADE76DC0093E1C8 /* BaseTabBarController.h */ = {isa = PBXFileReference; fileEncoding = 4; lastKnownFileType = sourcecode.c.h; path = BaseTabBarController.h; sourceTree = "<group>"; };
		6955CEBA1ADE76DC0093E1C8 /* BaseTabBarController.m */ = {isa = PBXFileReference; fileEncoding = 4; lastKnownFileType = sourcecode.c.objc; path = BaseTabBarController.m; sourceTree = "<group>"; };
		6955CEBB1ADE76DC0093E1C8 /* BaseTabBarController.xib */ = {isa = PBXFileReference; fileEncoding = 4; lastKnownFileType = file.xib; path = BaseTabBarController.xib; sourceTree = "<group>"; };
		697FB13F1ADE9A7700DFE12D /* FunBaseViewController.h */ = {isa = PBXFileReference; fileEncoding = 4; lastKnownFileType = sourcecode.c.h; path = FunBaseViewController.h; sourceTree = "<group>"; };
		697FB1401ADE9A7700DFE12D /* FunBaseViewController.m */ = {isa = PBXFileReference; fileEncoding = 4; lastKnownFileType = sourcecode.c.objc; path = FunBaseViewController.m; sourceTree = "<group>"; };
		697FB1411ADE9A7700DFE12D /* FunBaseViewController.xib */ = {isa = PBXFileReference; fileEncoding = 4; lastKnownFileType = file.xib; path = FunBaseViewController.xib; sourceTree = "<group>"; };
		697FB1451ADEA30900DFE12D /* FirstScreenView.h */ = {isa = PBXFileReference; fileEncoding = 4; lastKnownFileType = sourcecode.c.h; path = FirstScreenView.h; sourceTree = "<group>"; };
		697FB1461ADEA30900DFE12D /* FirstScreenView.m */ = {isa = PBXFileReference; fileEncoding = 4; lastKnownFileType = sourcecode.c.objc; path = FirstScreenView.m; sourceTree = "<group>"; };
		697FB1471ADEA30900DFE12D /* FirstScreenView.xib */ = {isa = PBXFileReference; fileEncoding = 4; lastKnownFileType = file.xib; path = FirstScreenView.xib; sourceTree = "<group>"; };
		697FB14A1ADEA72A00DFE12D /* libPods.a */ = {isa = PBXFileReference; lastKnownFileType = archive.ar; name = libPods.a; path = "Pods/../build/Debug-iphoneos/libPods.a"; sourceTree = "<group>"; };
		697FB14C1ADEA73500DFE12D /* libPods-Funny Clip.a */ = {isa = PBXFileReference; lastKnownFileType = archive.ar; name = "libPods-Funny Clip.a"; path = "Pods/../build/Debug-iphoneos/libPods-Funny Clip.a"; sourceTree = "<group>"; };
		697FB1501ADEA9AE00DFE12D /* PlaylistViewController.h */ = {isa = PBXFileReference; fileEncoding = 4; lastKnownFileType = sourcecode.c.h; path = PlaylistViewController.h; sourceTree = "<group>"; };
		697FB1511ADEA9AE00DFE12D /* PlaylistViewController.m */ = {isa = PBXFileReference; fileEncoding = 4; lastKnownFileType = sourcecode.c.objc; path = PlaylistViewController.m; sourceTree = "<group>"; };
		697FB1541ADEAB4F00DFE12D /* PlaylistViewController.xib */ = {isa = PBXFileReference; fileEncoding = 4; lastKnownFileType = file.xib; path = PlaylistViewController.xib; sourceTree = "<group>"; };
		69AB3F1B1ADE1CC200791DAD /* iphone_home_1_green.png */ = {isa = PBXFileReference; lastKnownFileType = image.png; path = iphone_home_1_green.png; sourceTree = "<group>"; };
		69AB3F1C1ADE1CC200791DAD /* iphone_home_1_off.png */ = {isa = PBXFileReference; lastKnownFileType = image.png; path = iphone_home_1_off.png; sourceTree = "<group>"; };
		69AB3F1D1ADE1CC200791DAD /* iphone_home_1_red.png */ = {isa = PBXFileReference; lastKnownFileType = image.png; path = iphone_home_1_red.png; sourceTree = "<group>"; };
		69AB3F1E1ADE1CC200791DAD /* iphone_home_2_green.png */ = {isa = PBXFileReference; lastKnownFileType = image.png; path = iphone_home_2_green.png; sourceTree = "<group>"; };
		69AB3F1F1ADE1CC200791DAD /* iphone_home_2_off.png */ = {isa = PBXFileReference; lastKnownFileType = image.png; path = iphone_home_2_off.png; sourceTree = "<group>"; };
		69AB3F201ADE1CC200791DAD /* iphone_home_2_red.png */ = {isa = PBXFileReference; lastKnownFileType = image.png; path = iphone_home_2_red.png; sourceTree = "<group>"; };
		69AB3F211ADE1CC200791DAD /* iphone_home_3_green.png */ = {isa = PBXFileReference; lastKnownFileType = image.png; path = iphone_home_3_green.png; sourceTree = "<group>"; };
		69AB3F221ADE1CC200791DAD /* iphone_home_3_off.png */ = {isa = PBXFileReference; lastKnownFileType = image.png; path = iphone_home_3_off.png; sourceTree = "<group>"; };
		69AB3F231ADE1CC200791DAD /* iphone_home_4_green.png */ = {isa = PBXFileReference; lastKnownFileType = image.png; path = iphone_home_4_green.png; sourceTree = "<group>"; };
		69AB3F241ADE1CC200791DAD /* iphone_home_4_off.png */ = {isa = PBXFileReference; lastKnownFileType = image.png; path = iphone_home_4_off.png; sourceTree = "<group>"; };
		69AB3F251ADE1CC200791DAD /* iphone_home_4_red.png */ = {isa = PBXFileReference; lastKnownFileType = image.png; path = iphone_home_4_red.png; sourceTree = "<group>"; };
		69AB3F261ADE1CC200791DAD /* iphone_home_5_green.png */ = {isa = PBXFileReference; lastKnownFileType = image.png; path = iphone_home_5_green.png; sourceTree = "<group>"; };
		69AB3F271ADE1CC200791DAD /* iphone_home_5_off.png */ = {isa = PBXFileReference; lastKnownFileType = image.png; path = iphone_home_5_off.png; sourceTree = "<group>"; };
		69AB3F281ADE1CC200791DAD /* iphone_home_5_red.png */ = {isa = PBXFileReference; lastKnownFileType = image.png; path = iphone_home_5_red.png; sourceTree = "<group>"; };
		69AB3F291ADE1CC200791DAD /* iphone_home_6_green.png */ = {isa = PBXFileReference; lastKnownFileType = image.png; path = iphone_home_6_green.png; sourceTree = "<group>"; };
		69AB3F2A1ADE1CC200791DAD /* iphone_home_6_off.png */ = {isa = PBXFileReference; lastKnownFileType = image.png; path = iphone_home_6_off.png; sourceTree = "<group>"; };
		69AB3F2B1ADE1CC200791DAD /* iphone_home_6_red.png */ = {isa = PBXFileReference; lastKnownFileType = image.png; path = iphone_home_6_red.png; sourceTree = "<group>"; };
		69AB3F2C1ADE1CC200791DAD /* iphone_home_7_green.png */ = {isa = PBXFileReference; lastKnownFileType = image.png; path = iphone_home_7_green.png; sourceTree = "<group>"; };
		69AB3F2D1ADE1CC200791DAD /* iphone_home_7_off.png */ = {isa = PBXFileReference; lastKnownFileType = image.png; path = iphone_home_7_off.png; sourceTree = "<group>"; };
		69AB3F2E1ADE1CC200791DAD /* iphone_home_7_red.png */ = {isa = PBXFileReference; lastKnownFileType = image.png; path = iphone_home_7_red.png; sourceTree = "<group>"; };
		69AB3F2F1ADE1CC200791DAD /* iphone_home_8_green.png */ = {isa = PBXFileReference; lastKnownFileType = image.png; path = iphone_home_8_green.png; sourceTree = "<group>"; };
		69AB3F301ADE1CC200791DAD /* iphone_home_8_off.png */ = {isa = PBXFileReference; lastKnownFileType = image.png; path = iphone_home_8_off.png; sourceTree = "<group>"; };
		69AB3F311ADE1CC200791DAD /* iphone_home_8_red.png */ = {isa = PBXFileReference; lastKnownFileType = image.png; path = iphone_home_8_red.png; sourceTree = "<group>"; };
		69AB3F321ADE1CC200791DAD /* iphone_home_back_off.png */ = {isa = PBXFileReference; lastKnownFileType = image.png; path = iphone_home_back_off.png; sourceTree = "<group>"; };
		69AB3F331ADE1CC200791DAD /* iphone_home_back_on.png */ = {isa = PBXFileReference; lastKnownFileType = image.png; path = iphone_home_back_on.png; sourceTree = "<group>"; };
		69AB3F341ADE1CC200791DAD /* iphone_home_base.png */ = {isa = PBXFileReference; lastKnownFileType = image.png; path = iphone_home_base.png; sourceTree = "<group>"; };
		69AB3F351ADE1CC200791DAD /* iphone_home_battery_off.png */ = {isa = PBXFileReference; lastKnownFileType = image.png; path = iphone_home_battery_off.png; sourceTree = "<group>"; };
		69AB3F361ADE1CC200791DAD /* iphone_home_battery_on.png */ = {isa = PBXFileReference; lastKnownFileType = image.png; path = iphone_home_battery_on.png; sourceTree = "<group>"; };
		69AB3F371ADE1CC200791DAD /* iphone_home_bluetooth_on.png */ = {isa = PBXFileReference; lastKnownFileType = image.png; path = iphone_home_bluetooth_on.png; sourceTree = "<group>"; };
		69AB3F381ADE1CC200791DAD /* iphone_home_fwd_off.png */ = {isa = PBXFileReference; lastKnownFileType = image.png; path = iphone_home_fwd_off.png; sourceTree = "<group>"; };
		69AB3F391ADE1CC200791DAD /* iphone_home_fwd_on.png */ = {isa = PBXFileReference; lastKnownFileType = image.png; path = iphone_home_fwd_on.png; sourceTree = "<group>"; };
		69AB3F3A1ADE1CC200791DAD /* iphone_home_level_on_red.png */ = {isa = PBXFileReference; lastKnownFileType = image.png; path = iphone_home_level_on_red.png; sourceTree = "<group>"; };
		69AB3F3B1ADE1CC200791DAD /* iphone_home_level_on_yellow.png */ = {isa = PBXFileReference; lastKnownFileType = image.png; path = iphone_home_level_on_yellow.png; sourceTree = "<group>"; };
		69AB3F3C1ADE1CC200791DAD /* iphone_home_menu_off.png */ = {isa = PBXFileReference; lastKnownFileType = image.png; path = iphone_home_menu_off.png; sourceTree = "<group>"; };
		69AB3F3D1ADE1CC200791DAD /* iphone_home_menu_on.png */ = {isa = PBXFileReference; lastKnownFileType = image.png; path = iphone_home_menu_on.png; sourceTree = "<group>"; };
		69AB3F3E1ADE1CC200791DAD /* iphone_home_mixer_off.png */ = {isa = PBXFileReference; lastKnownFileType = image.png; path = iphone_home_mixer_off.png; sourceTree = "<group>"; };
		69AB3F3F1ADE1CC200791DAD /* iphone_home_mixer_on.png */ = {isa = PBXFileReference; lastKnownFileType = image.png; path = iphone_home_mixer_on.png; sourceTree = "<group>"; };
		69AB3F401ADE1CC200791DAD /* iphone_home_pfl_off.png */ = {isa = PBXFileReference; lastKnownFileType = image.png; path = iphone_home_pfl_off.png; sourceTree = "<group>"; };
		69AB3F411ADE1CC200791DAD /* iphone_home_pfl_on.png */ = {isa = PBXFileReference; lastKnownFileType = image.png; path = iphone_home_pfl_on.png; sourceTree = "<group>"; };
		69AB3F421ADE1CC200791DAD /* iphone_home_play_off.png */ = {isa = PBXFileReference; lastKnownFileType = image.png; path = iphone_home_play_off.png; sourceTree = "<group>"; };
		69AB3F431ADE1CC200791DAD /* iphone_home_play_on.png */ = {isa = PBXFileReference; lastKnownFileType = image.png; path = iphone_home_play_on.png; sourceTree = "<group>"; };
		69AB3F441ADE1CC200791DAD /* iphone_home_rec_off.png */ = {isa = PBXFileReference; lastKnownFileType = image.png; path = iphone_home_rec_off.png; sourceTree = "<group>"; };
		69AB3F451ADE1CC200791DAD /* iphone_home_stop_off.png */ = {isa = PBXFileReference; lastKnownFileType = image.png; path = iphone_home_stop_off.png; sourceTree = "<group>"; };
		69AB3F461ADE1CC200791DAD /* iphone_home_stop_on.png */ = {isa = PBXFileReference; lastKnownFileType = image.png; path = iphone_home_stop_on.png; sourceTree = "<group>"; };
		69AB3F471ADE1CC200791DAD /* iphone_home_track_l_r.png */ = {isa = PBXFileReference; lastKnownFileType = image.png; path = iphone_home_track_l_r.png; sourceTree = "<group>"; };
		69AB3F481ADE1CC200791DAD /* iphone_home_track_main.png */ = {isa = PBXFileReference; lastKnownFileType = image.png; path = iphone_home_track_main.png; sourceTree = "<group>"; };
		69AB3F491ADE1CC200791DAD /* iphone_home_track_off.png */ = {isa = PBXFileReference; lastKnownFileType = image.png; path = iphone_home_track_off.png; sourceTree = "<group>"; };
		69AB3F4A1ADE1CC200791DAD /* iphone_home_track_sub.png */ = {isa = PBXFileReference; lastKnownFileType = image.png; path = iphone_home_track_sub.png; sourceTree = "<group>"; };
		69AB3F7B1ADE221100791DAD /* ViewBackground.png */ = {isa = PBXFileReference; lastKnownFileType = image.png; path = ViewBackground.png; sourceTree = "<group>"; };
		69AB3F7C1ADE221100791DAD /* Button_crystal.png */ = {isa = PBXFileReference; lastKnownFileType = image.png; path = Button_crystal.png; sourceTree = "<group>"; };
		69AB3F7D1ADE221100791DAD /* BlueBlock.png */ = {isa = PBXFileReference; lastKnownFileType = image.png; path = BlueBlock.png; sourceTree = "<group>"; };
		69AB3F7E1ADE221100791DAD /* TabBarBackground.png */ = {isa = PBXFileReference; lastKnownFileType = image.png; path = TabBarBackground.png; sourceTree = "<group>"; };
		69AB3F7F1ADE221100791DAD /* Button.png */ = {isa = PBXFileReference; lastKnownFileType = image.png; path = Button.png; sourceTree = "<group>"; };
		69AB3F801ADE221100791DAD /* Purple.png */ = {isa = PBXFileReference; lastKnownFileType = image.png; path = Purple.png; sourceTree = "<group>"; };
		82A58356B7293C6FD50E6C75 /* Pods.debug.xcconfig */ = {isa = PBXFileReference; includeInIndex = 1; lastKnownFileType = text.xcconfig; name = Pods.debug.xcconfig; path = "Pods/Target Support Files/Pods/Pods.debug.xcconfig"; sourceTree = "<group>"; };
		DE4CB76D69A7DC73CF891441 /* libPods.a */ = {isa = PBXFileReference; explicitFileType = archive.ar; includeInIndex = 0; path = libPods.a; sourceTree = BUILT_PRODUCTS_DIR; };
/* End PBXFileReference section */

/* Begin PBXFrameworksBuildPhase section */
		6915C7CF1ADE05E4005AD7E1 /* Frameworks */ = {
			isa = PBXFrameworksBuildPhase;
			buildActionMask = 2147483647;
			files = (
				697FB14B1ADEA72A00DFE12D /* libPods.a in Frameworks */,
			);
			runOnlyForDeploymentPostprocessing = 0;
		};
		6915C7E81ADE05E4005AD7E1 /* Frameworks */ = {
			isa = PBXFrameworksBuildPhase;
			buildActionMask = 2147483647;
			files = (
			);
			runOnlyForDeploymentPostprocessing = 0;
		};
/* End PBXFrameworksBuildPhase section */

/* Begin PBXGroup section */
		6915C7C91ADE05E4005AD7E1 = {
			isa = PBXGroup;
			children = (
				69AB3F181ADE1CAA00791DAD /* Resource */,
				6915C7D41ADE05E4005AD7E1 /* Funny Clip */,
				6915C7EE1ADE05E4005AD7E1 /* Funny ClipTests */,
				6915C7D31ADE05E4005AD7E1 /* Products */,
				C4A0B18703AF7CB552D52078 /* Pods */,
				7BE508E6149B342F7B4878B3 /* Frameworks */,
			);
			sourceTree = "<group>";
		};
		6915C7D31ADE05E4005AD7E1 /* Products */ = {
			isa = PBXGroup;
			children = (
				6915C7D21ADE05E4005AD7E1 /* Funny Clip.app */,
				6915C7EB1ADE05E4005AD7E1 /* Funny ClipTests.xctest */,
			);
			name = Products;
			sourceTree = "<group>";
		};
		6915C7D41ADE05E4005AD7E1 /* Funny Clip */ = {
			isa = PBXGroup;
			children = (
				697FB1441ADEA2B000DFE12D /* AllViewController */,
				69AB3F141ADE19FB00791DAD /* CustomView */,
				69AB3F0E1ADE185500791DAD /* BaseCustom */,
				6915C7E21ADE05E4005AD7E1 /* Images.xcassets */,
				6915C7E41ADE05E4005AD7E1 /* LaunchScreen.xib */,
				691C35951ADEC02D003B33A0 /* Main.storyboard */,
				6915C7D51ADE05E4005AD7E1 /* Supporting Files */,
			);
			path = "Funny Clip";
			sourceTree = "<group>";
		};
		6915C7D51ADE05E4005AD7E1 /* Supporting Files */ = {
			isa = PBXGroup;
			children = (
				6915C7D61ADE05E4005AD7E1 /* Info.plist */,
				6915C7D71ADE05E4005AD7E1 /* main.m */,
			);
			name = "Supporting Files";
			sourceTree = "<group>";
		};
		6915C7EE1ADE05E4005AD7E1 /* Funny ClipTests */ = {
			isa = PBXGroup;
			children = (
				6915C7F11ADE05E4005AD7E1 /* Funny_ClipTests.m */,
				6915C7EF1ADE05E4005AD7E1 /* Supporting Files */,
			);
			path = "Funny ClipTests";
			sourceTree = "<group>";
		};
		6915C7EF1ADE05E4005AD7E1 /* Supporting Files */ = {
			isa = PBXGroup;
			children = (
				6915C7F01ADE05E4005AD7E1 /* Info.plist */,
			);
			name = "Supporting Files";
			sourceTree = "<group>";
		};
		691C35981ADECD48003B33A0 /* tabbarimages */ = {
			isa = PBXGroup;
			children = (
				691C35991ADECD48003B33A0 /* home.png */,
				691C359A1ADECD48003B33A0 /* home@2x.png */,
				691C359B1ADECD48003B33A0 /* home_selected.png */,
				691C359C1ADECD48003B33A0 /* home_selected@2x.png */,
				691C359D1ADECD48003B33A0 /* maps.png */,
				691C359E1ADECD48003B33A0 /* maps@2x.png */,
				691C359F1ADECD48003B33A0 /* maps_selected.png */,
				691C35A01ADECD48003B33A0 /* maps_selected@2x.png */,
				691C35A11ADECD48003B33A0 /* myplan.png */,
				691C35A21ADECD48003B33A0 /* myplan@2x.png */,
				691C35A31ADECD48003B33A0 /* myplan_selected.png */,
				691C35A41ADECD48003B33A0 /* myplan_selected@2x.png */,
				691C35A51ADECD48003B33A0 /* settings.png */,
				691C35A61ADECD48003B33A0 /* settings@2x.png */,
				691C35A71ADECD48003B33A0 /* settings_selected.png */,
				691C35A81ADECD48003B33A0 /* settings_selected@2x.png */,
				691C35A91ADECD48003B33A0 /* tabbar.png */,
				691C35AA1ADECD48003B33A0 /* tabbar@2x.png */,
				691C35AB1ADECD48003B33A0 /* tabbar_selected.png */,
				691C35AC1ADECD48003B33A0 /* tabbar_selected@2x.png */,
			);
			path = tabbarimages;
			sourceTree = "<group>";
		};
		697FB1441ADEA2B000DFE12D /* AllViewController */ = {
			isa = PBXGroup;
			children = (
				697FB1501ADEA9AE00DFE12D /* PlaylistViewController.h */,
				697FB1511ADEA9AE00DFE12D /* PlaylistViewController.m */,
				697FB1541ADEAB4F00DFE12D /* PlaylistViewController.xib */,
				697FB1451ADEA30900DFE12D /* FirstScreenView.h */,
				697FB1461ADEA30900DFE12D /* FirstScreenView.m */,
				697FB1471ADEA30900DFE12D /* FirstScreenView.xib */,
			);
			name = AllViewController;
			sourceTree = "<group>";
		};
		69AB3F0E1ADE185500791DAD /* BaseCustom */ = {
			isa = PBXGroup;
			children = (
				6915C7D91ADE05E4005AD7E1 /* AppDelegate.h */,
				6915C7DA1ADE05E4005AD7E1 /* AppDelegate.m */,
				6955CEB41ADE76B60093E1C8 /* BaseNavigationController.h */,
				6955CEB51ADE76B60093E1C8 /* BaseNavigationController.m */,
				6955CEB61ADE76B60093E1C8 /* BaseNavigationController.xib */,
				6955CEB91ADE76DC0093E1C8 /* BaseTabBarController.h */,
				6955CEBA1ADE76DC0093E1C8 /* BaseTabBarController.m */,
				6955CEBB1ADE76DC0093E1C8 /* BaseTabBarController.xib */,
				697FB13F1ADE9A7700DFE12D /* FunBaseViewController.h */,
				697FB1401ADE9A7700DFE12D /* FunBaseViewController.m */,
				697FB1411ADE9A7700DFE12D /* FunBaseViewController.xib */,
			);
			name = BaseCustom;
			sourceTree = "<group>";
		};
		69AB3F141ADE19FB00791DAD /* CustomView */ = {
			isa = PBXGroup;
			children = (
			);
			name = CustomView;
			sourceTree = "<group>";
		};
		69AB3F181ADE1CAA00791DAD /* Resource */ = {
			isa = PBXGroup;
			children = (
				691C35981ADECD48003B33A0 /* tabbarimages */,
				69AB3F191ADE1CB700791DAD /* Image */,
			);
			name = Resource;
			sourceTree = "<group>";
		};
		69AB3F191ADE1CB700791DAD /* Image */ = {
			isa = PBXGroup;
			children = (
				69AB3F7B1ADE221100791DAD /* ViewBackground.png */,
				69AB3F7C1ADE221100791DAD /* Button_crystal.png */,
				69AB3F7D1ADE221100791DAD /* BlueBlock.png */,
				69AB3F7E1ADE221100791DAD /* TabBarBackground.png */,
				69AB3F7F1ADE221100791DAD /* Button.png */,
				69AB3F801ADE221100791DAD /* Purple.png */,
				69AB3F1A1ADE1CC200791DAD /* Home */,
			);
			name = Image;
			sourceTree = "<group>";
		};
		69AB3F1A1ADE1CC200791DAD /* Home */ = {
			isa = PBXGroup;
			children = (
				69AB3F1B1ADE1CC200791DAD /* iphone_home_1_green.png */,
				69AB3F1C1ADE1CC200791DAD /* iphone_home_1_off.png */,
				69AB3F1D1ADE1CC200791DAD /* iphone_home_1_red.png */,
				69AB3F1E1ADE1CC200791DAD /* iphone_home_2_green.png */,
				69AB3F1F1ADE1CC200791DAD /* iphone_home_2_off.png */,
				69AB3F201ADE1CC200791DAD /* iphone_home_2_red.png */,
				69AB3F211ADE1CC200791DAD /* iphone_home_3_green.png */,
				69AB3F221ADE1CC200791DAD /* iphone_home_3_off.png */,
				69AB3F231ADE1CC200791DAD /* iphone_home_4_green.png */,
				69AB3F241ADE1CC200791DAD /* iphone_home_4_off.png */,
				69AB3F251ADE1CC200791DAD /* iphone_home_4_red.png */,
				69AB3F261ADE1CC200791DAD /* iphone_home_5_green.png */,
				69AB3F271ADE1CC200791DAD /* iphone_home_5_off.png */,
				69AB3F281ADE1CC200791DAD /* iphone_home_5_red.png */,
				69AB3F291ADE1CC200791DAD /* iphone_home_6_green.png */,
				69AB3F2A1ADE1CC200791DAD /* iphone_home_6_off.png */,
				69AB3F2B1ADE1CC200791DAD /* iphone_home_6_red.png */,
				69AB3F2C1ADE1CC200791DAD /* iphone_home_7_green.png */,
				69AB3F2D1ADE1CC200791DAD /* iphone_home_7_off.png */,
				69AB3F2E1ADE1CC200791DAD /* iphone_home_7_red.png */,
				69AB3F2F1ADE1CC200791DAD /* iphone_home_8_green.png */,
				69AB3F301ADE1CC200791DAD /* iphone_home_8_off.png */,
				69AB3F311ADE1CC200791DAD /* iphone_home_8_red.png */,
				69AB3F321ADE1CC200791DAD /* iphone_home_back_off.png */,
				69AB3F331ADE1CC200791DAD /* iphone_home_back_on.png */,
				69AB3F341ADE1CC200791DAD /* iphone_home_base.png */,
				69AB3F351ADE1CC200791DAD /* iphone_home_battery_off.png */,
				69AB3F361ADE1CC200791DAD /* iphone_home_battery_on.png */,
				69AB3F371ADE1CC200791DAD /* iphone_home_bluetooth_on.png */,
				69AB3F381ADE1CC200791DAD /* iphone_home_fwd_off.png */,
				69AB3F391ADE1CC200791DAD /* iphone_home_fwd_on.png */,
				69AB3F3A1ADE1CC200791DAD /* iphone_home_level_on_red.png */,
				69AB3F3B1ADE1CC200791DAD /* iphone_home_level_on_yellow.png */,
				69AB3F3C1ADE1CC200791DAD /* iphone_home_menu_off.png */,
				69AB3F3D1ADE1CC200791DAD /* iphone_home_menu_on.png */,
				69AB3F3E1ADE1CC200791DAD /* iphone_home_mixer_off.png */,
				69AB3F3F1ADE1CC200791DAD /* iphone_home_mixer_on.png */,
				69AB3F401ADE1CC200791DAD /* iphone_home_pfl_off.png */,
				69AB3F411ADE1CC200791DAD /* iphone_home_pfl_on.png */,
				69AB3F421ADE1CC200791DAD /* iphone_home_play_off.png */,
				69AB3F431ADE1CC200791DAD /* iphone_home_play_on.png */,
				69AB3F441ADE1CC200791DAD /* iphone_home_rec_off.png */,
				69AB3F451ADE1CC200791DAD /* iphone_home_stop_off.png */,
				69AB3F461ADE1CC200791DAD /* iphone_home_stop_on.png */,
				69AB3F471ADE1CC200791DAD /* iphone_home_track_l_r.png */,
				69AB3F481ADE1CC200791DAD /* iphone_home_track_main.png */,
				69AB3F491ADE1CC200791DAD /* iphone_home_track_off.png */,
				69AB3F4A1ADE1CC200791DAD /* iphone_home_track_sub.png */,
			);
			path = Home;
			sourceTree = "<group>";
		};
		7BE508E6149B342F7B4878B3 /* Frameworks */ = {
			isa = PBXGroup;
			children = (
				697FB14C1ADEA73500DFE12D /* libPods-Funny Clip.a */,
				697FB14A1ADEA72A00DFE12D /* libPods.a */,
				DE4CB76D69A7DC73CF891441 /* libPods.a */,
			);
			name = Frameworks;
			sourceTree = "<group>";
		};
		C4A0B18703AF7CB552D52078 /* Pods */ = {
			isa = PBXGroup;
			children = (
				82A58356B7293C6FD50E6C75 /* Pods.debug.xcconfig */,
				3B56EFAFFFBB72243F50905F /* Pods.release.xcconfig */,
			);
			name = Pods;
			sourceTree = "<group>";
		};
/* End PBXGroup section */

/* Begin PBXNativeTarget section */
		6915C7D11ADE05E4005AD7E1 /* Funny Clip */ = {
			isa = PBXNativeTarget;
			buildConfigurationList = 6915C7F51ADE05E4005AD7E1 /* Build configuration list for PBXNativeTarget "Funny Clip" */;
			buildPhases = (
				E26285377BB44099A99C492F /* Check Pods Manifest.lock */,
				6915C7CE1ADE05E4005AD7E1 /* Sources */,
				6915C7CF1ADE05E4005AD7E1 /* Frameworks */,
				6915C7D01ADE05E4005AD7E1 /* Resources */,
				5C5A56FC538F66BEC1E885E1 /* Copy Pods Resources */,
			);
			buildRules = (
			);
			dependencies = (
			);
			name = "Funny Clip";
			productName = "Funny Clip";
			productReference = 6915C7D21ADE05E4005AD7E1 /* Funny Clip.app */;
			productType = "com.apple.product-type.application";
		};
		6915C7EA1ADE05E4005AD7E1 /* Funny ClipTests */ = {
			isa = PBXNativeTarget;
			buildConfigurationList = 6915C7F81ADE05E4005AD7E1 /* Build configuration list for PBXNativeTarget "Funny ClipTests" */;
			buildPhases = (
				6915C7E71ADE05E4005AD7E1 /* Sources */,
				6915C7E81ADE05E4005AD7E1 /* Frameworks */,
				6915C7E91ADE05E4005AD7E1 /* Resources */,
			);
			buildRules = (
			);
			dependencies = (
				6915C7ED1ADE05E4005AD7E1 /* PBXTargetDependency */,
			);
			name = "Funny ClipTests";
			productName = "Funny ClipTests";
			productReference = 6915C7EB1ADE05E4005AD7E1 /* Funny ClipTests.xctest */;
			productType = "com.apple.product-type.bundle.unit-test";
		};
/* End PBXNativeTarget section */

/* Begin PBXProject section */
		6915C7CA1ADE05E4005AD7E1 /* Project object */ = {
			isa = PBXProject;
			attributes = {
				LastUpgradeCheck = 0630;
				ORGANIZATIONNAME = NhanNLT;
				TargetAttributes = {
					6915C7D11ADE05E4005AD7E1 = {
						CreatedOnToolsVersion = 6.3;
					};
					6915C7EA1ADE05E4005AD7E1 = {
						CreatedOnToolsVersion = 6.3;
						TestTargetID = 6915C7D11ADE05E4005AD7E1;
					};
				};
			};
			buildConfigurationList = 6915C7CD1ADE05E4005AD7E1 /* Build configuration list for PBXProject "Funny Clip" */;
			compatibilityVersion = "Xcode 3.2";
			developmentRegion = English;
			hasScannedForEncodings = 0;
			knownRegions = (
				en,
				Base,
			);
			mainGroup = 6915C7C91ADE05E4005AD7E1;
			productRefGroup = 6915C7D31ADE05E4005AD7E1 /* Products */;
			projectDirPath = "";
			projectRoot = "";
			targets = (
				6915C7D11ADE05E4005AD7E1 /* Funny Clip */,
				6915C7EA1ADE05E4005AD7E1 /* Funny ClipTests */,
			);
		};
/* End PBXProject section */

/* Begin PBXResourcesBuildPhase section */
		6915C7D01ADE05E4005AD7E1 /* Resources */ = {
			isa = PBXResourcesBuildPhase;
			buildActionMask = 2147483647;
			files = (
				69AB3F7A1ADE1CC200791DAD /* iphone_home_track_sub.png in Resources */,
				69AB3F591ADE1CC200791DAD /* iphone_home_6_green.png in Resources */,
				691C35AD1ADECD48003B33A0 /* home.png in Resources */,
				69AB3F5F1ADE1CC200791DAD /* iphone_home_8_green.png in Resources */,
				691C35B01ADECD48003B33A0 /* home_selected@2x.png in Resources */,
				69AB3F511ADE1CC200791DAD /* iphone_home_3_green.png in Resources */,
				691C35BE1ADECD48003B33A0 /* tabbar@2x.png in Resources */,
				691C35B91ADECD48003B33A0 /* settings.png in Resources */,
				69AB3F791ADE1CC200791DAD /* iphone_home_track_off.png in Resources */,
				69AB3F641ADE1CC200791DAD /* iphone_home_base.png in Resources */,
				69AB3F6E1ADE1CC200791DAD /* iphone_home_mixer_off.png in Resources */,
				69AB3F761ADE1CC200791DAD /* iphone_home_stop_on.png in Resources */,
				69AB3F741ADE1CC200791DAD /* iphone_home_rec_off.png in Resources */,
				69AB3F601ADE1CC200791DAD /* iphone_home_8_off.png in Resources */,
				69AB3F841ADE221100791DAD /* TabBarBackground.png in Resources */,
				69AB3F671ADE1CC200791DAD /* iphone_home_bluetooth_on.png in Resources */,
				69AB3F6B1ADE1CC200791DAD /* iphone_home_level_on_yellow.png in Resources */,
				69AB3F751ADE1CC200791DAD /* iphone_home_stop_off.png in Resources */,
				691C35B31ADECD48003B33A0 /* maps_selected.png in Resources */,
				6955CEB81ADE76B60093E1C8 /* BaseNavigationController.xib in Resources */,
				69AB3F691ADE1CC200791DAD /* iphone_home_fwd_on.png in Resources */,
				691C35BF1ADECD48003B33A0 /* tabbar_selected.png in Resources */,
				691C35AE1ADECD48003B33A0 /* home@2x.png in Resources */,
				6915C7E61ADE05E4005AD7E1 /* LaunchScreen.xib in Resources */,
				69AB3F831ADE221100791DAD /* BlueBlock.png in Resources */,
				6915C7E31ADE05E4005AD7E1 /* Images.xcassets in Resources */,
				69AB3F4F1ADE1CC200791DAD /* iphone_home_2_off.png in Resources */,
				69AB3F4B1ADE1CC200791DAD /* iphone_home_1_green.png in Resources */,
				69AB3F731ADE1CC200791DAD /* iphone_home_play_on.png in Resources */,
				69AB3F651ADE1CC200791DAD /* iphone_home_battery_off.png in Resources */,
				69AB3F581ADE1CC200791DAD /* iphone_home_5_red.png in Resources */,
				69AB3F571ADE1CC200791DAD /* iphone_home_5_off.png in Resources */,
				69AB3F6D1ADE1CC200791DAD /* iphone_home_menu_on.png in Resources */,
				691C35B81ADECD48003B33A0 /* myplan_selected@2x.png in Resources */,
				691C35B71ADECD48003B33A0 /* myplan_selected.png in Resources */,
				697FB1431ADE9A7700DFE12D /* FunBaseViewController.xib in Resources */,
				69AB3F6F1ADE1CC200791DAD /* iphone_home_mixer_on.png in Resources */,
				69AB3F661ADE1CC200791DAD /* iphone_home_battery_on.png in Resources */,
				691C35B51ADECD48003B33A0 /* myplan.png in Resources */,
				691C35971ADEC02D003B33A0 /* Main.storyboard in Resources */,
				69AB3F721ADE1CC200791DAD /* iphone_home_play_off.png in Resources */,
				69AB3F711ADE1CC200791DAD /* iphone_home_pfl_on.png in Resources */,
				69AB3F621ADE1CC200791DAD /* iphone_home_back_off.png in Resources */,
				69AB3F5A1ADE1CC200791DAD /* iphone_home_6_off.png in Resources */,
				69AB3F5B1ADE1CC200791DAD /* iphone_home_6_red.png in Resources */,
				69AB3F821ADE221100791DAD /* Button_crystal.png in Resources */,
				691C35BC1ADECD48003B33A0 /* settings_selected@2x.png in Resources */,
				69AB3F501ADE1CC200791DAD /* iphone_home_2_red.png in Resources */,
				69AB3F5C1ADE1CC200791DAD /* iphone_home_7_green.png in Resources */,
				69AB3F631ADE1CC200791DAD /* iphone_home_back_on.png in Resources */,
				69AB3F541ADE1CC200791DAD /* iphone_home_4_off.png in Resources */,
				697FB1551ADEAB4F00DFE12D /* PlaylistViewController.xib in Resources */,
				69AB3F561ADE1CC200791DAD /* iphone_home_5_green.png in Resources */,
				691C35C01ADECD48003B33A0 /* tabbar_selected@2x.png in Resources */,
				691C35BD1ADECD48003B33A0 /* tabbar.png in Resources */,
				69AB3F4C1ADE1CC200791DAD /* iphone_home_1_off.png in Resources */,
				69AB3F531ADE1CC200791DAD /* iphone_home_4_green.png in Resources */,
				691C35B41ADECD48003B33A0 /* maps_selected@2x.png in Resources */,
				691C35BA1ADECD48003B33A0 /* settings@2x.png in Resources */,
				69AB3F4E1ADE1CC200791DAD /* iphone_home_2_green.png in Resources */,
				691C35B61ADECD48003B33A0 /* myplan@2x.png in Resources */,
				69AB3F701ADE1CC200791DAD /* iphone_home_pfl_off.png in Resources */,
				69AB3F5E1ADE1CC200791DAD /* iphone_home_7_red.png in Resources */,
				69AB3F6C1ADE1CC200791DAD /* iphone_home_menu_off.png in Resources */,
				69AB3F5D1ADE1CC200791DAD /* iphone_home_7_off.png in Resources */,
				691C35B11ADECD48003B33A0 /* maps.png in Resources */,
				69AB3F681ADE1CC200791DAD /* iphone_home_fwd_off.png in Resources */,
				69AB3F4D1ADE1CC200791DAD /* iphone_home_1_red.png in Resources */,
				691C35BB1ADECD48003B33A0 /* settings_selected.png in Resources */,
				69AB3F521ADE1CC200791DAD /* iphone_home_3_off.png in Resources */,
				69AB3F551ADE1CC200791DAD /* iphone_home_4_red.png in Resources */,
				69AB3F861ADE221100791DAD /* Purple.png in Resources */,
				69AB3F771ADE1CC200791DAD /* iphone_home_track_l_r.png in Resources */,
				69AB3F611ADE1CC200791DAD /* iphone_home_8_red.png in Resources */,
				69AB3F781ADE1CC200791DAD /* iphone_home_track_main.png in Resources */,
				6955CEBD1ADE76DC0093E1C8 /* BaseTabBarController.xib in Resources */,
				69AB3F811ADE221100791DAD /* ViewBackground.png in Resources */,
				69AB3F6A1ADE1CC200791DAD /* iphone_home_level_on_red.png in Resources */,
				69AB3F851ADE221100791DAD /* Button.png in Resources */,
				691C35B21ADECD48003B33A0 /* maps@2x.png in Resources */,
				691C35AF1ADECD48003B33A0 /* home_selected.png in Resources */,
				697FB1491ADEA30900DFE12D /* FirstScreenView.xib in Resources */,
			);
			runOnlyForDeploymentPostprocessing = 0;
		};
		6915C7E91ADE05E4005AD7E1 /* Resources */ = {
			isa = PBXResourcesBuildPhase;
			buildActionMask = 2147483647;
			files = (
			);
			runOnlyForDeploymentPostprocessing = 0;
		};
/* End PBXResourcesBuildPhase section */

/* Begin PBXShellScriptBuildPhase section */
		5C5A56FC538F66BEC1E885E1 /* Copy Pods Resources */ = {
			isa = PBXShellScriptBuildPhase;
			buildActionMask = 2147483647;
			files = (
			);
			inputPaths = (
			);
			name = "Copy Pods Resources";
			outputPaths = (
			);
			runOnlyForDeploymentPostprocessing = 0;
			shellPath = /bin/sh;
			shellScript = "\"${SRCROOT}/Pods/Target Support Files/Pods/Pods-resources.sh\"\n";
			showEnvVarsInLog = 0;
		};
		E26285377BB44099A99C492F /* Check Pods Manifest.lock */ = {
			isa = PBXShellScriptBuildPhase;
			buildActionMask = 2147483647;
			files = (
			);
			inputPaths = (
			);
			name = "Check Pods Manifest.lock";
			outputPaths = (
			);
			runOnlyForDeploymentPostprocessing = 0;
			shellPath = /bin/sh;
			shellScript = "diff \"${PODS_ROOT}/../Podfile.lock\" \"${PODS_ROOT}/Manifest.lock\" > /dev/null\nif [[ $? != 0 ]] ; then\n    cat << EOM\nerror: The sandbox is not in sync with the Podfile.lock. Run 'pod install' or update your CocoaPods installation.\nEOM\n    exit 1\nfi\n";
			showEnvVarsInLog = 0;
		};
/* End PBXShellScriptBuildPhase section */

/* Begin PBXSourcesBuildPhase section */
		6915C7CE1ADE05E4005AD7E1 /* Sources */ = {
			isa = PBXSourcesBuildPhase;
			buildActionMask = 2147483647;
			files = (
				6955CEBC1ADE76DC0093E1C8 /* BaseTabBarController.m in Sources */,
				6955CEB71ADE76B60093E1C8 /* BaseNavigationController.m in Sources */,
				697FB1421ADE9A7700DFE12D /* FunBaseViewController.m in Sources */,
				697FB1531ADEA9AE00DFE12D /* PlaylistViewController.m in Sources */,
				6915C7DB1ADE05E4005AD7E1 /* AppDelegate.m in Sources */,
				6915C7D81ADE05E4005AD7E1 /* main.m in Sources */,
				697FB1481ADEA30900DFE12D /* FirstScreenView.m in Sources */,
			);
			runOnlyForDeploymentPostprocessing = 0;
		};
		6915C7E71ADE05E4005AD7E1 /* Sources */ = {
			isa = PBXSourcesBuildPhase;
			buildActionMask = 2147483647;
			files = (
				6915C7F21ADE05E4005AD7E1 /* Funny_ClipTests.m in Sources */,
			);
			runOnlyForDeploymentPostprocessing = 0;
		};
/* End PBXSourcesBuildPhase section */

/* Begin PBXTargetDependency section */
		6915C7ED1ADE05E4005AD7E1 /* PBXTargetDependency */ = {
			isa = PBXTargetDependency;
			target = 6915C7D11ADE05E4005AD7E1 /* Funny Clip */;
			targetProxy = 6915C7EC1ADE05E4005AD7E1 /* PBXContainerItemProxy */;
		};
/* End PBXTargetDependency section */

/* Begin PBXVariantGroup section */
		6915C7E41ADE05E4005AD7E1 /* LaunchScreen.xib */ = {
			isa = PBXVariantGroup;
			children = (
				6915C7E51ADE05E4005AD7E1 /* Base */,
			);
			name = LaunchScreen.xib;
			sourceTree = "<group>";
		};
		691C35951ADEC02D003B33A0 /* Main.storyboard */ = {
			isa = PBXVariantGroup;
			children = (
				691C35961ADEC02D003B33A0 /* Base */,
			);
			name = Main.storyboard;
			sourceTree = "<group>";
		};
/* End PBXVariantGroup section */

/* Begin XCBuildConfiguration section */
		6915C7F31ADE05E4005AD7E1 /* Debug */ = {
			isa = XCBuildConfiguration;
			buildSettings = {
				ALWAYS_SEARCH_USER_PATHS = NO;
				CLANG_CXX_LANGUAGE_STANDARD = "gnu++0x";
				CLANG_CXX_LIBRARY = "libc++";
				CLANG_ENABLE_MODULES = YES;
				CLANG_ENABLE_OBJC_ARC = YES;
				CLANG_WARN_BOOL_CONVERSION = YES;
				CLANG_WARN_CONSTANT_CONVERSION = YES;
				CLANG_WARN_DIRECT_OBJC_ISA_USAGE = YES_ERROR;
				CLANG_WARN_EMPTY_BODY = YES;
				CLANG_WARN_ENUM_CONVERSION = YES;
				CLANG_WARN_INT_CONVERSION = YES;
				CLANG_WARN_OBJC_ROOT_CLASS = YES_ERROR;
				CLANG_WARN_UNREACHABLE_CODE = YES;
				CLANG_WARN__DUPLICATE_METHOD_MATCH = YES;
				"CODE_SIGN_IDENTITY[sdk=iphoneos*]" = "iPhone Developer";
				COPY_PHASE_STRIP = NO;
				DEBUG_INFORMATION_FORMAT = "dwarf-with-dsym";
				ENABLE_STRICT_OBJC_MSGSEND = YES;
				GCC_C_LANGUAGE_STANDARD = gnu99;
				GCC_DYNAMIC_NO_PIC = NO;
				GCC_NO_COMMON_BLOCKS = YES;
				GCC_OPTIMIZATION_LEVEL = 0;
				GCC_PREPROCESSOR_DEFINITIONS = (
					"DEBUG=1",
					"$(inherited)",
				);
				GCC_SYMBOLS_PRIVATE_EXTERN = NO;
				GCC_WARN_64_TO_32_BIT_CONVERSION = YES;
				GCC_WARN_ABOUT_RETURN_TYPE = YES_ERROR;
				GCC_WARN_UNDECLARED_SELECTOR = YES;
				GCC_WARN_UNINITIALIZED_AUTOS = YES_AGGRESSIVE;
				GCC_WARN_UNUSED_FUNCTION = YES;
				GCC_WARN_UNUSED_VARIABLE = YES;
				IPHONEOS_DEPLOYMENT_TARGET = 8.3;
				MTL_ENABLE_DEBUG_INFO = YES;
				ONLY_ACTIVE_ARCH = YES;
				SDKROOT = iphoneos;
			};
			name = Debug;
		};
		6915C7F41ADE05E4005AD7E1 /* Release */ = {
			isa = XCBuildConfiguration;
			buildSettings = {
				ALWAYS_SEARCH_USER_PATHS = NO;
				CLANG_CXX_LANGUAGE_STANDARD = "gnu++0x";
				CLANG_CXX_LIBRARY = "libc++";
				CLANG_ENABLE_MODULES = YES;
				CLANG_ENABLE_OBJC_ARC = YES;
				CLANG_WARN_BOOL_CONVERSION = YES;
				CLANG_WARN_CONSTANT_CONVERSION = YES;
				CLANG_WARN_DIRECT_OBJC_ISA_USAGE = YES_ERROR;
				CLANG_WARN_EMPTY_BODY = YES;
				CLANG_WARN_ENUM_CONVERSION = YES;
				CLANG_WARN_INT_CONVERSION = YES;
				CLANG_WARN_OBJC_ROOT_CLASS = YES_ERROR;
				CLANG_WARN_UNREACHABLE_CODE = YES;
				CLANG_WARN__DUPLICATE_METHOD_MATCH = YES;
				"CODE_SIGN_IDENTITY[sdk=iphoneos*]" = "iPhone Developer";
				COPY_PHASE_STRIP = NO;
				DEBUG_INFORMATION_FORMAT = "dwarf-with-dsym";
				ENABLE_NS_ASSERTIONS = NO;
				ENABLE_STRICT_OBJC_MSGSEND = YES;
				GCC_C_LANGUAGE_STANDARD = gnu99;
				GCC_NO_COMMON_BLOCKS = YES;
				GCC_WARN_64_TO_32_BIT_CONVERSION = YES;
				GCC_WARN_ABOUT_RETURN_TYPE = YES_ERROR;
				GCC_WARN_UNDECLARED_SELECTOR = YES;
				GCC_WARN_UNINITIALIZED_AUTOS = YES_AGGRESSIVE;
				GCC_WARN_UNUSED_FUNCTION = YES;
				GCC_WARN_UNUSED_VARIABLE = YES;
				IPHONEOS_DEPLOYMENT_TARGET = 8.3;
				MTL_ENABLE_DEBUG_INFO = NO;
				SDKROOT = iphoneos;
				VALIDATE_PRODUCT = YES;
			};
			name = Release;
		};
		6915C7F61ADE05E4005AD7E1 /* Debug */ = {
			isa = XCBuildConfiguration;
			baseConfigurationReference = 82A58356B7293C6FD50E6C75 /* Pods.debug.xcconfig */;
			buildSettings = {
				ASSETCATALOG_COMPILER_APPICON_NAME = AppIcon;
				INFOPLIST_FILE = "Funny Clip/Info.plist";
				IPHONEOS_DEPLOYMENT_TARGET = 7.1;
				LD_RUNPATH_SEARCH_PATHS = "$(inherited) @executable_path/Frameworks";
				LIBRARY_SEARCH_PATHS = (
					"$(inherited)",
					"$(PROJECT_DIR)/build/Debug-iphoneos",
				);
				PRODUCT_NAME = "$(TARGET_NAME)";
			};
			name = Debug;
		};
		6915C7F71ADE05E4005AD7E1 /* Release */ = {
			isa = XCBuildConfiguration;
			baseConfigurationReference = 3B56EFAFFFBB72243F50905F /* Pods.release.xcconfig */;
			buildSettings = {
				ASSETCATALOG_COMPILER_APPICON_NAME = AppIcon;
				INFOPLIST_FILE = "Funny Clip/Info.plist";
				IPHONEOS_DEPLOYMENT_TARGET = 7.1;
				LD_RUNPATH_SEARCH_PATHS = "$(inherited) @executable_path/Frameworks";
				LIBRARY_SEARCH_PATHS = (
					"$(inherited)",
					"$(PROJECT_DIR)/build/Debug-iphoneos",
				);
				PRODUCT_NAME = "$(TARGET_NAME)";
			};
			name = Release;
		};
		6915C7F91ADE05E4005AD7E1 /* Debug */ = {
			isa = XCBuildConfiguration;
			buildSettings = {
				BUNDLE_LOADER = "$(TEST_HOST)";
				FRAMEWORK_SEARCH_PATHS = (
					"$(SDKROOT)/Developer/Library/Frameworks",
					"$(inherited)",
				);
				GCC_PREPROCESSOR_DEFINITIONS = (
					"DEBUG=1",
					"$(inherited)",
				);
				INFOPLIST_FILE = "Funny ClipTests/Info.plist";
				LD_RUNPATH_SEARCH_PATHS = "$(inherited) @executable_path/Frameworks @loader_path/Frameworks";
				PRODUCT_NAME = "$(TARGET_NAME)";
				TEST_HOST = "$(BUILT_PRODUCTS_DIR)/Funny Clip.app/Funny Clip";
			};
			name = Debug;
		};
		6915C7FA1ADE05E4005AD7E1 /* Release */ = {
			isa = XCBuildConfiguration;
			buildSettings = {
				BUNDLE_LOADER = "$(TEST_HOST)";
				FRAMEWORK_SEARCH_PATHS = (
					"$(SDKROOT)/Developer/Library/Frameworks",
					"$(inherited)",
				);
				INFOPLIST_FILE = "Funny ClipTests/Info.plist";
				LD_RUNPATH_SEARCH_PATHS = "$(inherited) @executable_path/Frameworks @loader_path/Frameworks";
				PRODUCT_NAME = "$(TARGET_NAME)";
				TEST_HOST = "$(BUILT_PRODUCTS_DIR)/Funny Clip.app/Funny Clip";
			};
			name = Release;
		};
/* End XCBuildConfiguration section */

/* Begin XCConfigurationList section */
		6915C7CD1ADE05E4005AD7E1 /* Build configuration list for PBXProject "Funny Clip" */ = {
			isa = XCConfigurationList;
			buildConfigurations = (
				6915C7F31ADE05E4005AD7E1 /* Debug */,
				6915C7F41ADE05E4005AD7E1 /* Release */,
			);
			defaultConfigurationIsVisible = 0;
			defaultConfigurationName = Release;
		};
		6915C7F51ADE05E4005AD7E1 /* Build configuration list for PBXNativeTarget "Funny Clip" */ = {
			isa = XCConfigurationList;
			buildConfigurations = (
				6915C7F61ADE05E4005AD7E1 /* Debug */,
				6915C7F71ADE05E4005AD7E1 /* Release */,
			);
			defaultConfigurationIsVisible = 0;
			defaultConfigurationName = Release;
		};
		6915C7F81ADE05E4005AD7E1 /* Build configuration list for PBXNativeTarget "Funny ClipTests" */ = {
			isa = XCConfigurationList;
			buildConfigurations = (
				6915C7F91ADE05E4005AD7E1 /* Debug */,
				6915C7FA1ADE05E4005AD7E1 /* Release */,
			);
			defaultConfigurationIsVisible = 0;
			defaultConfigurationName = Release;
		};
/* End XCConfigurationList section */
	};
	rootObject = 6915C7CA1ADE05E4005AD7E1 /* Project object */;
}
